{
    "_readme": [
        "This file locks the dependencies of your project to a known state",
        "Read more about it at https://getcomposer.org/doc/01-basic-usage.md#composer-lock-the-lock-file",
        "This file is @generated automatically"
    ],
    "hash": "c419e72e911b213aef4ac7ad1bd0e384",
    "content-hash": "b85efd0901189b7b81de8a729bb9ced2",
    "packages": [],
    "packages-dev": [],
    "aliases": [],
    "minimum-stability": "stable",
    "stability-flags": [],
    "prefer-stable": false,
    "prefer-lowest": false,
    "platform": {
        "php": "~5.6.17",
        "ext-phalcon": "*",
        "ext-mongo": "*"
    },
    "platform-dev": []
}
